{
  "object": {
    "pins": [
      {
        "package": "CBGATT",
        "repositoryURL": "https://github.com/lilhinx/CBGATT.git",
        "state": {
          "branch": "main",
          "revision": "6d29c661c39836d05996b6d3094d281f08021801",
          "version": null
        }
      }
    ]
  },
  "version": 1
}
